
Microsoft Visual Studio Solution File, Format Version 12.00
# Visual Studio Version 17
VisualStudioVersion = 17.0.31903.59
MinimumVisualStudioVersion = 10.0.40219.1
Project("{FAE04EC0-301F-11D3-BF4B-00C04F79EFBC}") = "srv", "srv\srv.csproj", "{A1C1E6C1-3875-48F2-B7BD-EE666779A378}"
EndProject
Project("{FAE04EC0-301F-11D3-BF4B-00C04F79EFBC}") = "tests", "tests\tests.csproj", "{58D5FC2C-2877-4412-A343-9A3DA5B68A10}"
EndProject
Project("{FAE04EC0-301F-11D3-BF4B-00C04F79EFBC}") = "wssrv", "wssrv\wssrv.csproj", "{3D61AE31-94DC-420A-945C-E7797802C76F}"
EndProject
Global
	GlobalSection(SolutionConfigurationPlatforms) = preSolution
		Debug|Any CPU = Debug|Any CPU
		Release|Any CPU = Release|Any CPU
	EndGlobalSection
	GlobalSection(SolutionProperties) = preSolution
		HideSolutionNode = FALSE
	EndGlobalSection
	GlobalSection(ProjectConfigurationPlatforms) = postSolution
		{A1C1E6C1-3875-48F2-B7BD-EE666779A378}.Debug|Any CPU.ActiveCfg = Debug|Any CPU
		{A1C1E6C1-3875-48F2-B7BD-EE666779A378}.Debug|Any CPU.Build.0 = Debug|Any CPU
		{A1C1E6C1-3875-48F2-B7BD-EE666779A378}.Release|Any CPU.ActiveCfg = Release|Any CPU
		{A1C1E6C1-3875-48F2-B7BD-EE666779A378}.Release|Any CPU.Build.0 = Release|Any CPU
		{58D5FC2C-2877-4412-A343-9A3DA5B68A10}.Debug|Any CPU.ActiveCfg = Debug|Any CPU
		{58D5FC2C-2877-4412-A343-9A3DA5B68A10}.Debug|Any CPU.Build.0 = Debug|Any CPU
		{58D5FC2C-2877-4412-A343-9A3DA5B68A10}.Release|Any CPU.ActiveCfg = Release|Any CPU
		{58D5FC2C-2877-4412-A343-9A3DA5B68A10}.Release|Any CPU.Build.0 = Release|Any CPU
		{CE4D9931-2271-48C8-8D26-FA3CB6F8630F}.Debug|Any CPU.ActiveCfg = Debug|Any CPU
		{CE4D9931-2271-48C8-8D26-FA3CB6F8630F}.Debug|Any CPU.Build.0 = Debug|Any CPU
		{CE4D9931-2271-48C8-8D26-FA3CB6F8630F}.Release|Any CPU.ActiveCfg = Release|Any CPU
		{CE4D9931-2271-48C8-8D26-FA3CB6F8630F}.Release|Any CPU.Build.0 = Release|Any CPU
		{3D61AE31-94DC-420A-945C-E7797802C76F}.Debug|Any CPU.ActiveCfg = Debug|Any CPU
		{3D61AE31-94DC-420A-945C-E7797802C76F}.Debug|Any CPU.Build.0 = Debug|Any CPU
		{3D61AE31-94DC-420A-945C-E7797802C76F}.Release|Any CPU.ActiveCfg = Release|Any CPU
		{3D61AE31-94DC-420A-945C-E7797802C76F}.Release|Any CPU.Build.0 = Release|Any CPU
	EndGlobalSection
EndGlobal
